
Microsoft Visual Studio Solution File, Format Version 12.00
# Visual Studio Version 17
VisualStudioVersion = 17.8.34525.116
MinimumVisualStudioVersion = 10.0.40219.1
Project("{9A19103F-16F7-4668-BE54-9A1E7A4F7556}") = "Projekt1", "Projekt1.csproj", "{B2246AE5-A282-4C65-BFD1-521A6A95A33E}"
EndProject
Project("{FAE04EC0-301F-11D3-BF4B-00C04F79EFBC}") = "Conditional Statements", "..\Conditional Statements\Conditional Statements.csproj", "{B57CD21C-6B33-4416-913C-73B0B5B8F843}"
EndProject
Global
	GlobalSection(SolutionConfigurationPlatforms) = preSolution
		Debug|Any CPU = Debug|Any CPU
		Release|Any CPU = Release|Any CPU
	EndGlobalSection
	GlobalSection(ProjectConfigurationPlatforms) = postSolution
		{B2246AE5-A282-4C65-BFD1-521A6A95A33E}.Debug|Any CPU.ActiveCfg = Debug|Any CPU
		{B2246AE5-A282-4C65-BFD1-521A6A95A33E}.Debug|Any CPU.Build.0 = Debug|Any CPU
		{B2246AE5-A282-4C65-BFD1-521A6A95A33E}.Release|Any CPU.ActiveCfg = Release|Any CPU
		{B2246AE5-A282-4C65-BFD1-521A6A95A33E}.Release|Any CPU.Build.0 = Release|Any CPU
		{B57CD21C-6B33-4416-913C-73B0B5B8F843}.Debug|Any CPU.ActiveCfg = Debug|Any CPU
		{B57CD21C-6B33-4416-913C-73B0B5B8F843}.Debug|Any CPU.Build.0 = Debug|Any CPU
		{B57CD21C-6B33-4416-913C-73B0B5B8F843}.Release|Any CPU.ActiveCfg = Release|Any CPU
		{B57CD21C-6B33-4416-913C-73B0B5B8F843}.Release|Any CPU.Build.0 = Release|Any CPU
	EndGlobalSection
	GlobalSection(SolutionProperties) = preSolution
		HideSolutionNode = FALSE
	EndGlobalSection
	GlobalSection(ExtensibilityGlobals) = postSolution
		SolutionGuid = {E5524A51-E860-4CE0-8BD5-63B3BBDFADF4}
	EndGlobalSection
EndGlobal
